// !$*UTF8*$!
{
	archiveVersion = 1;
	classes = {
	};
	objectVersion = 56;
	objects = {

/* Begin PBXBuildFile section - iOS sources */
		A10000000000000000000001 /* MeterViewModel.swift in Sources */ = {isa = PBXBuildFile; fileRef = A20000000000000000000001 /* MeterViewModel.swift */; };
		A10000000000000000000002 /* SoundSenseApp.swift in Sources */ = {isa = PBXBuildFile; fileRef = A20000000000000000000002 /* SoundSenseApp.swift */; };
		A10000000000000000000003 /* MainMeterView.swift in Sources */ = {isa = PBXBuildFile; fileRef = A20000000000000000000003 /* MainMeterView.swift */; };
		A10000000000000000000005 /* WaveformView.swift in Sources */ = {isa = PBXBuildFile; fileRef = A20000000000000000000005 /* WaveformView.swift */; };
		A10000000000000000000006 /* SpectrumView.swift in Sources */ = {isa = PBXBuildFile; fileRef = A20000000000000000000006 /* SpectrumView.swift */; };
		A10000000000000000000007 /* LevelBadge.swift in Sources */ = {isa = PBXBuildFile; fileRef = A20000000000000000000007 /* LevelBadge.swift */; };
		A10000000000000000000008 /* SettingsView.swift in Sources */ = {isa = PBXBuildFile; fileRef = A20000000000000000000008 /* SettingsView.swift */; };
		A10000000000000000000009 /* AudioMeterEngine.swift in Sources */ = {isa = PBXBuildFile; fileRef = A2000000000000000000000A /* AudioMeterEngine.swift */; };
		A1000000000000000000000A /* MeterTheme.swift in Sources */ = {isa = PBXBuildFile; fileRef = A2000000000000000000000B /* MeterTheme.swift */; };
		A1000000000000000000000B /* NoiseLevel.swift in Sources */ = {isa = PBXBuildFile; fileRef = A2000000000000000000000C /* NoiseLevel.swift */; };
			A1000000000000000000000C /* Assets.xcassets in Resources */ = {isa = PBXBuildFile; fileRef = A2000000000000000000000D /* Assets.xcassets */; };
			A1BB00000000000000000001 /* MeasurementRecorder.swift in Sources */ = {isa = PBXBuildFile; fileRef = A2BB00000000000000000001 /* MeasurementRecorder.swift */; };
			A1BB00000000000000000002 /* ReportRenderer.swift in Sources */ = {isa = PBXBuildFile; fileRef = A2BB00000000000000000002 /* ReportRenderer.swift */; };
			A1BB00000000000000000003 /* ImageCanvas.swift in Sources */ = {isa = PBXBuildFile; fileRef = A2BB00000000000000000003 /* ImageCanvas.swift */; };
			A1BB00000000000000000004 /* ReportShareSheet.swift in Sources */ = {isa = PBXBuildFile; fileRef = A2BB00000000000000000004 /* ReportShareSheet.swift */; };
			A1BB00000000000000000005 /* MeasurementHistoryStore.swift in Sources */ = {isa = PBXBuildFile; fileRef = A2BB00000000000000000005 /* MeasurementHistoryStore.swift */; };
			A1BB00000000000000000006 /* NoiseAlertNotifier.swift in Sources */ = {isa = PBXBuildFile; fileRef = A2BB00000000000000000006 /* NoiseAlertNotifier.swift */; };
			A1BB00000000000000000007 /* LiveStatsBar.swift in Sources */ = {isa = PBXBuildFile; fileRef = A2BB00000000000000000007 /* LiveStatsBar.swift */; };
			A1BB00000000000000000008 /* HistoryView.swift in Sources */ = {isa = PBXBuildFile; fileRef = A2BB00000000000000000008 /* HistoryView.swift */; };
			A1BB00000000000000000009 /* DBRulerGauge.swift in Sources */ = {isa = PBXBuildFile; fileRef = A2BB00000000000000000009 /* DBRulerGauge.swift */; };
			A1BB0000000000000000000A /* MeasurementCSV.swift in Sources */ = {isa = PBXBuildFile; fileRef = A2BB0000000000000000000A /* MeasurementCSV.swift */; };
			A1BB0000000000000000000B /* HealthWriter.swift in Sources */ = {isa = PBXBuildFile; fileRef = A2BB0000000000000000000B /* HealthWriter.swift */; };
/* End PBXBuildFile section - iOS sources */

/* Begin PBXBuildFile section - watchOS sources */
		A1000000000000000000000D /* SoundSenseWatchApp.swift in Sources */ = {isa = PBXBuildFile; fileRef = A20000000000000000000010 /* SoundSenseWatchApp.swift */; };
		A1000000000000000000000E /* WatchMeterViewModel.swift in Sources */ = {isa = PBXBuildFile; fileRef = A20000000000000000000011 /* WatchMeterViewModel.swift */; };
		A1000000000000000000000F /* WatchMeterView.swift in Sources */ = {isa = PBXBuildFile; fileRef = A20000000000000000000012 /* WatchMeterView.swift */; };
		A10000000000000000000010 /* WatchSpectrumView.swift in Sources */ = {isa = PBXBuildFile; fileRef = A20000000000000000000013 /* WatchSpectrumView.swift */; };
		A10000000000000000000011 /* AudioMeterEngine.swift in Sources */ = {isa = PBXBuildFile; fileRef = A2000000000000000000000A /* AudioMeterEngine.swift */; };
		A1000000000000000000002E /* MeasurementRecorder.swift in Sources */ = {isa = PBXBuildFile; fileRef = A2BB00000000000000000001 /* MeasurementRecorder.swift */; };
		A1000000000000000000002F /* WatchSettingsView.swift in Sources */ = {isa = PBXBuildFile; fileRef = A20000000000000000000015 /* WatchSettingsView.swift */; };
		A10000000000000000000012 /* MeterTheme.swift in Sources */ = {isa = PBXBuildFile; fileRef = A2000000000000000000000B /* MeterTheme.swift */; };
		A10000000000000000000013 /* NoiseLevel.swift in Sources */ = {isa = PBXBuildFile; fileRef = A2000000000000000000000C /* NoiseLevel.swift */; };
		A10000000000000000000014 /* Assets.xcassets in Resources */ = {isa = PBXBuildFile; fileRef = A20000000000000000000014 /* Assets.xcassets */; };
/* End PBXBuildFile section - watchOS sources */

/* Begin PBXBuildFile section - frameworks (SoundSenseCore product) */
		A10000000000000000000015 /* SoundSenseCore in Frameworks */ = {isa = PBXBuildFile; productRef = A30000000000000000000001 /* SoundSenseCore */; };
		A10000000000000000000016 /* SoundSenseCore in Frameworks */ = {isa = PBXBuildFile; productRef = A30000000000000000000002 /* SoundSenseCore */; };
		AA0000000000000000000017 /* SoundSenseCore in Frameworks */ = {isa = PBXBuildFile; productRef = A30000000000000000000003 /* SoundSenseCore */; };
/* End PBXBuildFile section - frameworks */

/* Begin PBXBuildFile section - macOS sources */
		AA0000000000000000000018 /* SoundSenseMacApp.swift in Sources */ = {isa = PBXBuildFile; fileRef = AA0200000000000000000001 /* SoundSenseMacApp.swift */; };
		AA0000000000000000000019 /* MeterViewModel.swift in Sources */ = {isa = PBXBuildFile; fileRef = AA0200000000000000000002 /* MeterViewModel.swift */; };
		AA000000000000000000001A /* MacMainMeterView.swift in Sources */ = {isa = PBXBuildFile; fileRef = AA0200000000000000000003 /* MacMainMeterView.swift */; };
		AA000000000000000000001B /* MacSettingsView.swift in Sources */ = {isa = PBXBuildFile; fileRef = AA0200000000000000000004 /* MacSettingsView.swift */; };
		/* 复用 iOS 的纯 UI 组件(WaveformView/SpectrumView/LevelBadge)+ Shared */
		AA000000000000000000001D /* WaveformView.swift in Sources */ = {isa = PBXBuildFile; fileRef = A20000000000000000000005 /* WaveformView.swift */; };
		AA000000000000000000001E /* SpectrumView.swift in Sources */ = {isa = PBXBuildFile; fileRef = A20000000000000000000006 /* SpectrumView.swift */; };
		AA000000000000000000001F /* LevelBadge.swift in Sources */ = {isa = PBXBuildFile; fileRef = A20000000000000000000007 /* LevelBadge.swift */; };
		AA0000000000000000000020 /* AudioMeterEngine.swift in Sources */ = {isa = PBXBuildFile; fileRef = A2000000000000000000000A /* AudioMeterEngine.swift */; };
		AA0000000000000000000021 /* MeterTheme.swift in Sources */ = {isa = PBXBuildFile; fileRef = A2000000000000000000000B /* MeterTheme.swift */; };
			AA0000000000000000000022 /* NoiseLevel.swift in Sources */ = {isa = PBXBuildFile; fileRef = A2000000000000000000000C /* NoiseLevel.swift */; };
			AABB00000000000000000001 /* MeasurementRecorder.swift in Sources */ = {isa = PBXBuildFile; fileRef = A2BB00000000000000000001 /* MeasurementRecorder.swift */; };
			AABB00000000000000000002 /* ReportRenderer.swift in Sources */ = {isa = PBXBuildFile; fileRef = A2BB00000000000000000002 /* ReportRenderer.swift */; };
			AABB00000000000000000003 /* ImageCanvas.swift in Sources */ = {isa = PBXBuildFile; fileRef = A2BB00000000000000000003 /* ImageCanvas.swift */; };
				AABB00000000000000000004 /* ReportExporter.swift in Sources */ = {isa = PBXBuildFile; fileRef = AA02BB000000000000000004 /* ReportExporter.swift */; };
				AABB00000000000000000005 /* MeasurementHistoryStore.swift in Sources */ = {isa = PBXBuildFile; fileRef = A2BB00000000000000000005 /* MeasurementHistoryStore.swift */; };
				AABB00000000000000000006 /* NoiseAlertNotifier.swift in Sources */ = {isa = PBXBuildFile; fileRef = A2BB00000000000000000006 /* NoiseAlertNotifier.swift */; };
				AABB00000000000000000007 /* LiveStatsBar.swift in Sources */ = {isa = PBXBuildFile; fileRef = A2BB00000000000000000007 /* LiveStatsBar.swift */; };
				AABB00000000000000000008 /* HistoryOverlayView.swift in Sources */ = {isa = PBXBuildFile; fileRef = AA02BB000000000000000005 /* HistoryOverlayView.swift */; };
				AA0000000000000000000024 /* MenuBarController.swift in Sources */ = {isa = PBXBuildFile; fileRef = AA0200000000000000000007 /* MenuBarController.swift */; };
				AABB00000000000000000009 /* DBRulerGauge.swift in Sources */ = {isa = PBXBuildFile; fileRef = A2BB00000000000000000009 /* DBRulerGauge.swift */; };
				AABB0000000000000000000A /* MeasurementCSV.swift in Sources */ = {isa = PBXBuildFile; fileRef = A2BB0000000000000000000A /* MeasurementCSV.swift */; };
				AA0000000000000000000023 /* AppIcon.icns in Resources */ = {isa = PBXBuildFile; fileRef = AA0200000000000000000006 /* AppIcon.icns */; };
/* End PBXBuildFile section - macOS sources */

/* Begin PBXFileReference section */
		A20000000000000000000001 /* MeterViewModel.swift */ = {isa = PBXFileReference; lastKnownFileType = sourcecode.swift; path = MeterViewModel.swift; sourceTree = "<group>"; };
		A20000000000000000000002 /* SoundSenseApp.swift */ = {isa = PBXFileReference; lastKnownFileType = sourcecode.swift; path = SoundSenseApp.swift; sourceTree = "<group>"; };
		A20000000000000000000003 /* MainMeterView.swift */ = {isa = PBXFileReference; lastKnownFileType = sourcecode.swift; path = MainMeterView.swift; sourceTree = "<group>"; };
		A20000000000000000000005 /* WaveformView.swift */ = {isa = PBXFileReference; lastKnownFileType = sourcecode.swift; path = WaveformView.swift; sourceTree = "<group>"; };
		A20000000000000000000006 /* SpectrumView.swift */ = {isa = PBXFileReference; lastKnownFileType = sourcecode.swift; path = SpectrumView.swift; sourceTree = "<group>"; };
		A20000000000000000000007 /* LevelBadge.swift */ = {isa = PBXFileReference; lastKnownFileType = sourcecode.swift; path = LevelBadge.swift; sourceTree = "<group>"; };
		A20000000000000000000008 /* SettingsView.swift */ = {isa = PBXFileReference; lastKnownFileType = sourcecode.swift; path = SettingsView.swift; sourceTree = "<group>"; };
		A2000000000000000000000A /* AudioMeterEngine.swift */ = {isa = PBXFileReference; lastKnownFileType = sourcecode.swift; path = AudioMeterEngine.swift; sourceTree = "<group>"; };
		A2000000000000000000000B /* MeterTheme.swift */ = {isa = PBXFileReference; lastKnownFileType = sourcecode.swift; path = MeterTheme.swift; sourceTree = "<group>"; };
		A2000000000000000000000C /* NoiseLevel.swift */ = {isa = PBXFileReference; lastKnownFileType = sourcecode.swift; path = NoiseLevel.swift; sourceTree = "<group>"; };
		A2000000000000000000000D /* Assets.xcassets */ = {isa = PBXFileReference; lastKnownFileType = folder.assetcatalog; path = Assets.xcassets; sourceTree = "<group>"; };
		A20000000000000000000010 /* SoundSenseWatchApp.swift */ = {isa = PBXFileReference; lastKnownFileType = sourcecode.swift; path = SoundSenseWatchApp.swift; sourceTree = "<group>"; };
		A20000000000000000000011 /* WatchMeterViewModel.swift */ = {isa = PBXFileReference; lastKnownFileType = sourcecode.swift; path = WatchMeterViewModel.swift; sourceTree = "<group>"; };
		A20000000000000000000012 /* WatchMeterView.swift */ = {isa = PBXFileReference; lastKnownFileType = sourcecode.swift; path = WatchMeterView.swift; sourceTree = "<group>"; };
		A20000000000000000000013 /* WatchSpectrumView.swift */ = {isa = PBXFileReference; lastKnownFileType = sourcecode.swift; path = WatchSpectrumView.swift; sourceTree = "<group>"; };
		A20000000000000000000014 /* Assets.xcassets */ = {isa = PBXFileReference; lastKnownFileType = folder.assetcatalog; path = Assets.xcassets; sourceTree = "<group>"; };
		A20000000000000000000020 /* Info.plist */ = {isa = PBXFileReference; lastKnownFileType = text.plist.xml; path = Info.plist; sourceTree = "<group>"; };
		A20000000000000000000021 /* Info.plist */ = {isa = PBXFileReference; lastKnownFileType = text.plist.xml; path = Info.plist; sourceTree = "<group>"; };
		A20000000000000000000030 /* SoundSense.app */ = {isa = PBXFileReference; explicitFileType = wrapper.application; includeInIndex = 0; path = SoundSense.app; sourceTree = BUILT_PRODUCTS_DIR; };
		A20000000000000000000031 /* SoundSenseWatch.app */ = {isa = PBXFileReference; explicitFileType = wrapper.application; includeInIndex = 0; path = SoundSenseWatch.app; sourceTree = BUILT_PRODUCTS_DIR; };
		AA0200000000000000000001 /* SoundSenseMacApp.swift */ = {isa = PBXFileReference; lastKnownFileType = sourcecode.swift; path = SoundSenseMacApp.swift; sourceTree = "<group>"; };
		AA0200000000000000000002 /* MeterViewModel.swift */ = {isa = PBXFileReference; lastKnownFileType = sourcecode.swift; path = MeterViewModel.swift; sourceTree = "<group>"; };
		AA0200000000000000000003 /* MacMainMeterView.swift */ = {isa = PBXFileReference; lastKnownFileType = sourcecode.swift; path = MacMainMeterView.swift; sourceTree = "<group>"; };
		AA0200000000000000000004 /* MacSettingsView.swift */ = {isa = PBXFileReference; lastKnownFileType = sourcecode.swift; path = MacSettingsView.swift; sourceTree = "<group>"; };
		AA0200000000000000000005 /* Info.plist */ = {isa = PBXFileReference; lastKnownFileType = text.plist.xml; path = Info.plist; sourceTree = "<group>"; };
			AA0200000000000000000030 /* SoundSense.app */ = {isa = PBXFileReference; explicitFileType = wrapper.application; includeInIndex = 0; path = SoundSense.app; sourceTree = BUILT_PRODUCTS_DIR; };
		A2BB00000000000000000001 /* MeasurementRecorder.swift */ = {isa = PBXFileReference; lastKnownFileType = sourcecode.swift; path = MeasurementRecorder.swift; sourceTree = "<group>"; };
		A2BB00000000000000000002 /* ReportRenderer.swift */ = {isa = PBXFileReference; lastKnownFileType = sourcecode.swift; path = ReportRenderer.swift; sourceTree = "<group>"; };
		A2BB00000000000000000003 /* ImageCanvas.swift */ = {isa = PBXFileReference; lastKnownFileType = sourcecode.swift; path = ImageCanvas.swift; sourceTree = "<group>"; };
			A2BB00000000000000000004 /* ReportShareSheet.swift */ = {isa = PBXFileReference; lastKnownFileType = sourcecode.swift; path = ReportShareSheet.swift; sourceTree = "<group>"; };
			A2BB00000000000000000005 /* MeasurementHistoryStore.swift */ = {isa = PBXFileReference; lastKnownFileType = sourcecode.swift; path = MeasurementHistoryStore.swift; sourceTree = "<group>"; };
			A2BB00000000000000000006 /* NoiseAlertNotifier.swift */ = {isa = PBXFileReference; lastKnownFileType = sourcecode.swift; path = NoiseAlertNotifier.swift; sourceTree = "<group>"; };
			A2BB00000000000000000007 /* LiveStatsBar.swift */ = {isa = PBXFileReference; lastKnownFileType = sourcecode.swift; path = LiveStatsBar.swift; sourceTree = "<group>"; };
			A2BB00000000000000000008 /* HistoryView.swift */ = {isa = PBXFileReference; lastKnownFileType = sourcecode.swift; path = HistoryView.swift; sourceTree = "<group>"; };
			A2BB00000000000000000009 /* DBRulerGauge.swift */ = {isa = PBXFileReference; lastKnownFileType = sourcecode.swift; path = DBRulerGauge.swift; sourceTree = "<group>"; };
			A2BB0000000000000000000A /* MeasurementCSV.swift */ = {isa = PBXFileReference; lastKnownFileType = sourcecode.swift; path = MeasurementCSV.swift; sourceTree = "<group>"; };
			A2BB0000000000000000000B /* HealthWriter.swift */ = {isa = PBXFileReference; lastKnownFileType = sourcecode.swift; path = HealthWriter.swift; sourceTree = "<group>"; };
			A20000000000000000000015 /* WatchSettingsView.swift */ = {isa = PBXFileReference; lastKnownFileType = sourcecode.swift; path = WatchSettingsView.swift; sourceTree = "<group>"; };
				AA02BB000000000000000005 /* HistoryOverlayView.swift */ = {isa = PBXFileReference; lastKnownFileType = sourcecode.swift; path = HistoryOverlayView.swift; sourceTree = "<group>"; };
				AA0200000000000000000007 /* MenuBarController.swift */ = {isa = PBXFileReference; lastKnownFileType = sourcecode.swift; path = MenuBarController.swift; sourceTree = "<group>"; };
			AA02BB000000000000000004 /* ReportExporter.swift */ = {isa = PBXFileReference; lastKnownFileType = sourcecode.swift; path = ReportExporter.swift; sourceTree = "<group>"; };
			AA0200000000000000000006 /* AppIcon.icns */ = {isa = PBXFileReference; lastKnownFileType = image.icns; name = AppIcon.icns; path = ../../AppIcon.icns; sourceTree = "<group>"; };
/* End PBXFileReference section */

/* Begin PBXFrameworksBuildPhase section */
		A40000000000000000000001 /* Frameworks */ = {
			isa = PBXFrameworksBuildPhase;
			buildActionMask = 2147483647;
			files = (
				A10000000000000000000015 /* SoundSenseCore in Frameworks */,
			);
			runOnlyForDeploymentPostprocessing = 0;
		};
		A40000000000000000000002 /* Frameworks */ = {
			isa = PBXFrameworksBuildPhase;
			buildActionMask = 2147483647;
			files = (
				A10000000000000000000016 /* SoundSenseCore in Frameworks */,
			);
			runOnlyForDeploymentPostprocessing = 0;
		};
		AA0400000000000000000003 /* Frameworks */ = {
			isa = PBXFrameworksBuildPhase;
			buildActionMask = 2147483647;
			files = (
				AA0000000000000000000017 /* SoundSenseCore in Frameworks */,
			);
			runOnlyForDeploymentPostprocessing = 0;
		};
/* End PBXFrameworksBuildPhase section */

/* Begin PBXGroup section */
		A50000000000000000000000 = {
			isa = PBXGroup;
			children = (
				A50000000000000000000001 /* SoundSense */,
				A50000000000000000000002 /* Shared */,
				A50000000000000000000003 /* Products */,
			);
			sourceTree = "<group>";
		};
		A50000000000000000000003 /* Products */ = {
			isa = PBXGroup;
			children = (
				A20000000000000000000030 /* SoundSense.app */,
				A20000000000000000000031 /* SoundSenseWatch.app */,
				AA0200000000000000000030 /* SoundSenseMac.app */,
			);
			name = Products;
			sourceTree = "<group>";
		};
		A50000000000000000000002 /* Shared */ = {
			isa = PBXGroup;
			children = (
				A2000000000000000000000A /* AudioMeterEngine.swift */,
				A2000000000000000000000B /* MeterTheme.swift */,
				A2000000000000000000000C /* NoiseLevel.swift */,
				A2BB00000000000000000001 /* MeasurementRecorder.swift */,
				A2BB00000000000000000002 /* ReportRenderer.swift */,
				A2BB00000000000000000003 /* ImageCanvas.swift */,
				A2BB00000000000000000005 /* MeasurementHistoryStore.swift */,
				A2BB00000000000000000006 /* NoiseAlertNotifier.swift */,
				A2BB00000000000000000007 /* LiveStatsBar.swift */,
				A2BB00000000000000000009 /* DBRulerGauge.swift */,
				A2BB0000000000000000000A /* MeasurementCSV.swift */,
				A2BB0000000000000000000B /* HealthWriter.swift */,
			);
			path = Shared;
			sourceTree = "<group>";
		};
		A50000000000000000000001 /* SoundSense */ = {
			isa = PBXGroup;
			children = (
				A50000000000000000000010 /* iOS */,
				A50000000000000000000020 /* watchOS */,
				AA50000000000000000000030 /* macOS */,
			);
			name = SoundSense;
			sourceTree = "<group>";
		};
		AA50000000000000000000030 /* macOS */ = {
			isa = PBXGroup;
			children = (
				AA50000000000000000000031 /* SoundSenseMacApp */,
			);
			path = macOS;
			sourceTree = "<group>";
		};
			AA50000000000000000000031 /* SoundSenseMacApp */ = {
				isa = PBXGroup;
				children = (
					AA0200000000000000000001 /* SoundSenseMacApp.swift */,
					AA0200000000000000000002 /* MeterViewModel.swift */,
					AA0200000000000000000007 /* MenuBarController.swift */,
					AA50000000000000000000032 /* Views */,
					AA0200000000000000000006 /* AppIcon.icns */,
					AA0200000000000000000005 /* Info.plist */,
				);
				path = SoundSenseMacApp;
				sourceTree = "<group>";
			};
		AA50000000000000000000032 /* Views */ = {
			isa = PBXGroup;
			children = (
				AA0200000000000000000003 /* MacMainMeterView.swift */,
				AA0200000000000000000004 /* MacSettingsView.swift */,
				AA02BB000000000000000004 /* ReportExporter.swift */,
				AA02BB000000000000000005 /* HistoryOverlayView.swift */,
			);
			path = Views;
			sourceTree = "<group>";
		};
		A50000000000000000000010 /* iOS */ = {
			isa = PBXGroup;
			children = (
				A50000000000000000000011 /* SoundSenseApp */,
			);
			path = iOS;
			sourceTree = "<group>";
		};
		A50000000000000000000011 /* SoundSenseApp */ = {
			isa = PBXGroup;
			children = (
				A20000000000000000000002 /* SoundSenseApp.swift */,
				A50000000000000000000012 /* Views */,
				A50000000000000000000013 /* ViewModels */,
				A2000000000000000000000D /* Assets.xcassets */,
				A20000000000000000000020 /* Info.plist */,
			);
			path = SoundSenseApp;
			sourceTree = "<group>";
		};
		A50000000000000000000012 /* Views */ = {
			isa = PBXGroup;
			children = (
				A20000000000000000000003 /* MainMeterView.swift */,
				A20000000000000000000005 /* WaveformView.swift */,
				A20000000000000000000006 /* SpectrumView.swift */,
				A20000000000000000000007 /* LevelBadge.swift */,
				A20000000000000000000008 /* SettingsView.swift */,
				A2BB00000000000000000004 /* ReportShareSheet.swift */,
				A2BB00000000000000000008 /* HistoryView.swift */,
			);
			path = Views;
			sourceTree = "<group>";
		};
		A50000000000000000000013 /* ViewModels */ = {
			isa = PBXGroup;
			children = (
				A20000000000000000000001 /* MeterViewModel.swift */,
			);
			path = ViewModels;
			sourceTree = "<group>";
		};
		A50000000000000000000020 /* watchOS */ = {
			isa = PBXGroup;
			children = (
				A50000000000000000000021 /* SoundSenseWatchApp */,
			);
			path = watchOS;
			sourceTree = "<group>";
		};
		A50000000000000000000021 /* SoundSenseWatchApp */ = {
			isa = PBXGroup;
			children = (
				A20000000000000000000010 /* SoundSenseWatchApp.swift */,
				A20000000000000000000011 /* WatchMeterViewModel.swift */,
				A50000000000000000000022 /* Views */,
				A20000000000000000000014 /* Assets.xcassets */,
				A20000000000000000000021 /* Info.plist */,
			);
			path = SoundSenseWatchApp;
			sourceTree = "<group>";
		};
		A50000000000000000000022 /* Views */ = {
			isa = PBXGroup;
			children = (
				A20000000000000000000012 /* WatchMeterView.swift */,
				A20000000000000000000013 /* WatchSpectrumView.swift */,
				A20000000000000000000015 /* WatchSettingsView.swift */,
			);
			path = Views;
			sourceTree = "<group>";
		};
/* End PBXGroup section */

/* Begin PBXNativeTarget section */
		A60000000000000000000001 /* SoundSense */ = {
			isa = PBXNativeTarget;
			buildConfigurationList = A80000000000000000000001 /* Build configuration list for PBXNativeTarget "SoundSense" */;
			buildPhases = (
				A70000000000000000000001 /* Sources */,
				A40000000000000000000001 /* Frameworks */,
				A70000000000000000000002 /* Resources */,
			);
			buildRules = (
			);
			dependencies = (
			);
			name = SoundSense;
			packageProductDependencies = (
				A30000000000000000000001 /* SoundSenseCore */,
			);
			productName = SoundSense;
			productReference = A20000000000000000000030 /* SoundSense.app */;
			productType = "com.apple.product-type.application";
		};
		A60000000000000000000002 /* SoundSenseWatch */ = {
			isa = PBXNativeTarget;
			buildConfigurationList = A80000000000000000000004 /* Build configuration list for PBXNativeTarget "SoundSenseWatch" */;
			buildPhases = (
				A70000000000000000000003 /* Sources */,
				A40000000000000000000002 /* Frameworks */,
				A70000000000000000000004 /* Resources */,
			);
			buildRules = (
			);
			dependencies = (
			);
			name = SoundSenseWatch;
			packageProductDependencies = (
				A30000000000000000000002 /* SoundSenseCore */,
			);
			productName = SoundSenseWatch;
			productReference = A20000000000000000000031 /* SoundSenseWatch.app */;
			productType = "com.apple.product-type.application";
		};
		AA60000000000000000000003 /* SoundSenseMac */ = {
			isa = PBXNativeTarget;
			buildConfigurationList = AA8000000000000000000000A /* Build configuration list for PBXNativeTarget "SoundSenseMac" */;
				buildPhases = (
					AA70000000000000000000005 /* Sources */,
					AA0400000000000000000003 /* Frameworks */,
					AA70000000000000000000006 /* Resources */,
				);
			buildRules = (
			);
			dependencies = (
			);
			name = SoundSenseMac;
			packageProductDependencies = (
				A30000000000000000000003 /* SoundSenseCore */,
			);
			productName = SoundSenseMac;
			productReference = AA0200000000000000000030 /* SoundSense.app */;
			productType = "com.apple.product-type.application";
		};
/* End PBXNativeTarget section */

/* Begin PBXProject section */
		A90000000000000000000001 /* Project object */ = {
			isa = PBXProject;
			attributes = {
				BuildIndependentTargetsInParallel = 1;
				LastSwiftUpdateCheck = 1500;
				LastUpgradeCheck = 1500;
				TargetAttributes = {
					A60000000000000000000001 = {
						CreatedOnToolsVersion = 15.0;
					};
					A60000000000000000000002 = {
						CreatedOnToolsVersion = 15.0;
					};
					AA60000000000000000000003 = {
						CreatedOnToolsVersion = 15.0;
					};
				};
			};
			buildConfigurationList = A80000000000000000000007 /* Build configuration list for PBXProject "SoundSense" */;
			compatibilityVersion = "Xcode 14.0";
			developmentRegion = "zh-Hans";
			hasScannedForEncodings = 0;
			knownRegions = (
				"zh-Hans",
				Base,
			);
			mainGroup = A50000000000000000000000;
			packageReferences = (
				B10000000000000000000001 /* XCLocalSwiftPackageReference "SoundSenseCore" */,
			);
			productRefGroup = A50000000000000000000003 /* Products */;
			projectDirPath = "";
			projectRoot = "";
			targets = (
				A60000000000000000000001 /* SoundSense */,
				A60000000000000000000002 /* SoundSenseWatch */,
				AA60000000000000000000003 /* SoundSenseMac */,
			);
		};
/* End PBXProject section */

/* Begin PBXResourcesBuildPhase section */
		A70000000000000000000002 /* Resources */ = {
			isa = PBXResourcesBuildPhase;
			buildActionMask = 2147483647;
			files = (
				A1000000000000000000000C /* Assets.xcassets in Resources */,
			);
			runOnlyForDeploymentPostprocessing = 0;
		};
		A70000000000000000000004 /* Resources */ = {
			isa = PBXResourcesBuildPhase;
			buildActionMask = 2147483647;
			files = (
				A10000000000000000000014 /* Assets.xcassets in Resources */,
			);
			runOnlyForDeploymentPostprocessing = 0;
		};
		AA70000000000000000000006 /* Resources */ = {
				isa = PBXResourcesBuildPhase;
				buildActionMask = 2147483647;
				files = (
					AA0000000000000000000023 /* AppIcon.icns in Resources */,
				);
				runOnlyForDeploymentPostprocessing = 0;
			};
/* End PBXResourcesBuildPhase section */

/* Begin PBXSourcesBuildPhase section */
		A70000000000000000000001 /* Sources */ = {
			isa = PBXSourcesBuildPhase;
			buildActionMask = 2147483647;
			files = (
				A10000000000000000000002 /* SoundSenseApp.swift in Sources */,
				A10000000000000000000001 /* MeterViewModel.swift in Sources */,
				A10000000000000000000003 /* MainMeterView.swift in Sources */,
				A10000000000000000000005 /* WaveformView.swift in Sources */,
				A10000000000000000000006 /* SpectrumView.swift in Sources */,
				A10000000000000000000007 /* LevelBadge.swift in Sources */,
				A10000000000000000000008 /* SettingsView.swift in Sources */,
				A10000000000000000000009 /* AudioMeterEngine.swift in Sources */,
				A1000000000000000000000A /* MeterTheme.swift in Sources */,
				A1000000000000000000000B /* NoiseLevel.swift in Sources */,
				A1BB00000000000000000001 /* MeasurementRecorder.swift in Sources */,
				A1BB00000000000000000002 /* ReportRenderer.swift in Sources */,
				A1BB00000000000000000003 /* ImageCanvas.swift in Sources */,
				A1BB00000000000000000004 /* ReportShareSheet.swift in Sources */,
				A1BB00000000000000000005 /* MeasurementHistoryStore.swift in Sources */,
				A1BB00000000000000000006 /* NoiseAlertNotifier.swift in Sources */,
				A1BB00000000000000000007 /* LiveStatsBar.swift in Sources */,
				A1BB00000000000000000008 /* HistoryView.swift in Sources */,
				A1BB00000000000000000009 /* DBRulerGauge.swift in Sources */,
				A1BB0000000000000000000A /* MeasurementCSV.swift in Sources */,
				A1BB0000000000000000000B /* HealthWriter.swift in Sources */,
			);
			runOnlyForDeploymentPostprocessing = 0;
		};
		A70000000000000000000003 /* Sources */ = {
			isa = PBXSourcesBuildPhase;
			buildActionMask = 2147483647;
			files = (
				A1000000000000000000000D /* SoundSenseWatchApp.swift in Sources */,
				A1000000000000000000000E /* WatchMeterViewModel.swift in Sources */,
				A1000000000000000000000F /* WatchMeterView.swift in Sources */,
				A10000000000000000000010 /* WatchSpectrumView.swift in Sources */,
				A10000000000000000000011 /* AudioMeterEngine.swift in Sources */,
				A10000000000000000000012 /* MeterTheme.swift in Sources */,
				A10000000000000000000013 /* NoiseLevel.swift in Sources */,
				A1000000000000000000002E /* MeasurementRecorder.swift in Sources */,
				A1000000000000000000002F /* WatchSettingsView.swift in Sources */,
			);
			runOnlyForDeploymentPostprocessing = 0;
		};
		AA70000000000000000000005 /* Sources */ = {
			isa = PBXSourcesBuildPhase;
			buildActionMask = 2147483647;
			files = (
				AA0000000000000000000018 /* SoundSenseMacApp.swift in Sources */,
				AA0000000000000000000019 /* MeterViewModel.swift in Sources */,
				AA000000000000000000001A /* MacMainMeterView.swift in Sources */,
				AA000000000000000000001B /* MacSettingsView.swift in Sources */,
				AA000000000000000000001D /* WaveformView.swift in Sources */,
				AA000000000000000000001E /* SpectrumView.swift in Sources */,
				AA000000000000000000001F /* LevelBadge.swift in Sources */,
				AA0000000000000000000020 /* AudioMeterEngine.swift in Sources */,
				AA0000000000000000000021 /* MeterTheme.swift in Sources */,
				AA0000000000000000000022 /* NoiseLevel.swift in Sources */,
				AABB00000000000000000001 /* MeasurementRecorder.swift in Sources */,
				AABB00000000000000000002 /* ReportRenderer.swift in Sources */,
				AABB00000000000000000003 /* ImageCanvas.swift in Sources */,
				AABB00000000000000000004 /* ReportExporter.swift in Sources */,
				AABB00000000000000000005 /* MeasurementHistoryStore.swift in Sources */,
				AABB00000000000000000006 /* NoiseAlertNotifier.swift in Sources */,
				AABB00000000000000000007 /* LiveStatsBar.swift in Sources */,
				AABB00000000000000000008 /* HistoryOverlayView.swift in Sources */,
				AA0000000000000000000024 /* MenuBarController.swift in Sources */,
				AABB00000000000000000009 /* DBRulerGauge.swift in Sources */,
				AABB0000000000000000000A /* MeasurementCSV.swift in Sources */,
			);
			runOnlyForDeploymentPostprocessing = 0;
		};
/* End PBXSourcesBuildPhase section */

/* Begin XCLocalSwiftPackageReference section */
		B10000000000000000000001 /* XCLocalSwiftPackageReference "SoundSenseCore" */ = {
			isa = XCLocalSwiftPackageReference;
			relativePath = "Core";
		};
/* End XCLocalSwiftPackageReference section */

/* Begin XCSwiftPackageProductDependency section */
		A30000000000000000000001 /* SoundSenseCore */ = {
			isa = XCSwiftPackageProductDependency;
			package = B10000000000000000000001 /* XCLocalSwiftPackageReference "SoundSenseCore" */;
			productName = SoundSenseCore;
		};
		A30000000000000000000002 /* SoundSenseCore */ = {
			isa = XCSwiftPackageProductDependency;
			package = B10000000000000000000001 /* XCLocalSwiftPackageReference "SoundSenseCore" */;
			productName = SoundSenseCore;
		};
		A30000000000000000000003 /* SoundSenseCore */ = {
			isa = XCSwiftPackageProductDependency;
			package = B10000000000000000000001 /* XCLocalSwiftPackageReference "SoundSenseCore" */;
			productName = SoundSenseCore;
		};
/* End XCSwiftPackageProductDependency section */

/* Begin XCBuildConfiguration section */
		/* ---- Project: Debug ---- */
		A70000000000000000000010 /* Project Debug */ = {
			isa = XCBuildConfiguration;
			buildSettings = {
				ALWAYS_SEARCH_USER_PATHS = NO;
				CLANG_ANALYZER_NONNULL = YES;
				CLANG_ENABLE_MODULES = YES;
				CLANG_ENABLE_OBJC_ARC = YES;
				CODE_SIGNING_ALLOWED = NO;
				COPY_PHASE_STRIP = NO;
				DEAD_CODE_STRIPPING = YES;
				DEVELOPMENT_TEAM = "";
				ENABLE_STRICT_OBJC_MSGSEND = YES;
				ENABLE_TESTABILITY = YES;
				GCC_C_LANGUAGE_STANDARD = gnu11;
				GCC_DYNAMIC_NO_PIC = NO;
				GCC_OPTIMIZATION_LEVEL = 0;
				GCC_PREPROCESSOR_DEFINITIONS = (
					"DEBUG=1",
					"$(inherited)",
				);
				GCC_WARN_ABOUT_RETURN_TYPE = YES_ERROR;
				GCC_WARN_UNINITIALIZED_AUTOS = YES_AGGRESSIVE;
				IPHONEOS_DEPLOYMENT_TARGET = 15.0;
				LOCALIZATION_PREFERS_STRING_CATALOGS = YES;
				MACOSX_DEPLOYMENT_TARGET = 11.0;
				MTL_ENABLE_DEBUG_INFO = INCLUDE_SOURCE;
				MTL_FAST_MATH = YES;
				ONLY_ACTIVE_ARCH = YES;
				SDKROOT = iphoneos;
				SWIFT_ACTIVE_COMPILATION_CONDITIONS = DEBUG;
				SWIFT_OPTIMIZATION_LEVEL = "-Onone";
				SWIFT_VERSION = 5.0;
				WATCHOS_DEPLOYMENT_TARGET = 8.0;
			};
			name = Debug;
		};
		/* ---- Project: Release ---- */
		A70000000000000000000011 /* Project Release */ = {
			isa = XCBuildConfiguration;
			buildSettings = {
				ALWAYS_SEARCH_USER_PATHS = NO;
				CLANG_ANALYZER_NONNULL = YES;
				CLANG_ENABLE_MODULES = YES;
				CLANG_ENABLE_OBJC_ARC = YES;
				CODE_SIGNING_ALLOWED = NO;
				COPY_PHASE_STRIP = NO;
				DEAD_CODE_STRIPPING = YES;
				DEPLOYMENT_POSTPROCESSING = YES;
				DEVELOPMENT_TEAM = "";
				ENABLE_NS_ASSERTIONS = NO;
				ENABLE_STRICT_OBJC_MSGSEND = YES;
				GCC_C_LANGUAGE_STANDARD = gnu11;
				GCC_OPTIMIZATION_LEVEL = s;
				GCC_WARN_ABOUT_RETURN_TYPE = YES_ERROR;
				GCC_WARN_UNINITIALIZED_AUTOS = YES_AGGRESSIVE;
				IPHONEOS_DEPLOYMENT_TARGET = 15.0;
				LOCALIZATION_PREFERS_STRING_CATALOGS = YES;
				MACOSX_DEPLOYMENT_TARGET = 11.0;
				MTL_FAST_MATH = YES;
				SDKROOT = iphoneos;
				STRIP_INSTALLED_PRODUCT = YES;
				STRIP_SWIFT_SYMBOLS = YES;
				SWIFT_COMPILATION_MODE = wholemodule;
				SWIFT_OPTIMIZATION_LEVEL = "-O";
				SWIFT_VERSION = 5.0;
				VALIDATE_PRODUCT = YES;
				WATCHOS_DEPLOYMENT_TARGET = 8.0;
			};
			name = Release;
		};
		/* ---- iOS Target: Debug ---- */
		A70000000000000000000012 /* iOS Debug */ = {
			isa = XCBuildConfiguration;
			buildSettings = {
				ASSETCATALOG_COMPILER_APPICON_NAME = AppIcon;
				ASSETCATALOG_COMPILER_GLOBAL_ACCENT_COLOR_NAME = AccentColor;
				CODE_SIGN_IDENTITY = "-";
				CODE_SIGNING_ALLOWED = NO;
				CODE_SIGNING_REQUIRED = NO;
				CURRENT_PROJECT_VERSION = 1;
				DEVELOPMENT_ASSET_PATHS = "";
				DEVELOPMENT_TEAM = "";
				ENABLE_PREVIEWS = YES;
				GENERATE_INFOPLIST_FILE = NO;
				INFOPLIST_FILE = "iOS/SoundSenseApp/Info.plist";
				CODE_SIGN_ENTITLEMENTS = "iOS/SoundSenseApp/SoundSense.entitlements";
				INFOPLIST_KEY_LSApplicationCategoryType = "public.app-category.utilities";
				INFOPLIST_KEY_NSMicrophoneUsageDescription = "闻声需要访问麦克风来测量环境噪音水平。";
				INFOPLIST_KEY_UIApplicationSceneManifest_Generation = YES;
				INFOPLIST_KEY_UIRequiresFullScreen = NO;
				INFOPLIST_KEY_UISupportedInterfaceOrientations = UIInterfaceOrientationPortrait;
				INFOPLIST_KEY_UISupportedInterfaceOrientations_iPad = "UIInterfaceOrientationPortrait UIInterfaceOrientationPortraitUpsideDown UIInterfaceOrientationLandscapeLeft UIInterfaceOrientationLandscapeRight";
				IPHONEOS_DEPLOYMENT_TARGET = 15.0;
				LD_RUNPATH_SEARCH_PATHS = (
					"$(inherited)",
					"@executable_path/Frameworks",
				);
				MARKETING_VERSION = 1.0.0;
				PRODUCT_BUNDLE_IDENTIFIER = "com.dinghao.soundsense";
				PRODUCT_NAME = SoundSense;
				SDKROOT = iphoneos;
				SUPPORTED_PLATFORMS = "iphoneos iphonesimulator";
				SWIFT_EMIT_LOC_STRINGS = YES;
				SWIFT_VERSION = 5.0;
				TARGETED_DEVICE_FAMILY = "1,2";
			};
			name = Debug;
		};
		/* ---- iOS Target: Release ---- */
		A70000000000000000000013 /* iOS Release */ = {
			isa = XCBuildConfiguration;
			buildSettings = {
				ASSETCATALOG_COMPILER_APPICON_NAME = AppIcon;
				ASSETCATALOG_COMPILER_GLOBAL_ACCENT_COLOR_NAME = AccentColor;
				CODE_SIGN_IDENTITY = "-";
				CODE_SIGNING_ALLOWED = NO;
				CODE_SIGNING_REQUIRED = NO;
				CURRENT_PROJECT_VERSION = 1;
				DEVELOPMENT_TEAM = "";
				ENABLE_PREVIEWS = YES;
				GENERATE_INFOPLIST_FILE = NO;
				INFOPLIST_FILE = "iOS/SoundSenseApp/Info.plist";
				CODE_SIGN_ENTITLEMENTS = "iOS/SoundSenseApp/SoundSense.entitlements";
				INFOPLIST_KEY_LSApplicationCategoryType = "public.app-category.utilities";
				INFOPLIST_KEY_NSMicrophoneUsageDescription = "闻声需要访问麦克风来测量环境噪音水平。";
				INFOPLIST_KEY_UIApplicationSceneManifest_Generation = YES;
				INFOPLIST_KEY_UIRequiresFullScreen = NO;
				INFOPLIST_KEY_UISupportedInterfaceOrientations = UIInterfaceOrientationPortrait;
				INFOPLIST_KEY_UISupportedInterfaceOrientations_iPad = "UIInterfaceOrientationPortrait UIInterfaceOrientationPortraitUpsideDown UIInterfaceOrientationLandscapeLeft UIInterfaceOrientationLandscapeRight";
				IPHONEOS_DEPLOYMENT_TARGET = 15.0;
				LD_RUNPATH_SEARCH_PATHS = (
					"$(inherited)",
					"@executable_path/Frameworks",
				);
				MARKETING_VERSION = 1.0.0;
				PRODUCT_BUNDLE_IDENTIFIER = "com.dinghao.soundsense";
				PRODUCT_NAME = SoundSense;
				SDKROOT = iphoneos;
				SUPPORTED_PLATFORMS = "iphoneos iphonesimulator";
				SWIFT_EMIT_LOC_STRINGS = YES;
				SWIFT_VERSION = 5.0;
				TARGETED_DEVICE_FAMILY = "1,2";
			};
			name = Release;
		};
		/* ---- watchOS Target: Debug ---- */
		A70000000000000000000014 /* watchOS Debug */ = {
			isa = XCBuildConfiguration;
			buildSettings = {
				ASSETCATALOG_COMPILER_APPICON_NAME = AppIcon;
				ASSETCATALOG_COMPILER_GLOBAL_ACCENT_COLOR_NAME = AccentColor;
				CODE_SIGN_IDENTITY = "-";
				CODE_SIGNING_ALLOWED = NO;
				CODE_SIGNING_REQUIRED = NO;
				CURRENT_PROJECT_VERSION = 1;
				DEVELOPMENT_TEAM = "";
				ENABLE_PREVIEWS = YES;
				GENERATE_INFOPLIST_FILE = NO;
				INFOPLIST_FILE = "watchOS/SoundSenseWatchApp/Info.plist";
				INFOPLIST_KEY_NSMicrophoneUsageDescription = "闻声需要访问麦克风来测量环境噪音水平。";
				INFOPLIST_KEY_WKApplication = YES;
				INFOPLIST_KEY_WKWatchOnly = NO;
				LD_RUNPATH_SEARCH_PATHS = (
					"$(inherited)",
					"@executable_path/Frameworks",
				);
				MARKETING_VERSION = 1.0.0;
				PRODUCT_BUNDLE_IDENTIFIER = "com.dinghao.soundsense.watch";
				PRODUCT_NAME = SoundSenseWatch;
				SDKROOT = watchos;
				SUPPORTED_PLATFORMS = "watchos watchsimulator";
				SWIFT_EMIT_LOC_STRINGS = YES;
				SWIFT_VERSION = 5.0;
				TARGETED_DEVICE_FAMILY = 4;
				WATCHOS_DEPLOYMENT_TARGET = 8.0;
			};
			name = Debug;
		};
		/* ---- watchOS Target: Release ---- */
		A70000000000000000000015 /* watchOS Release */ = {
			isa = XCBuildConfiguration;
			buildSettings = {
				ASSETCATALOG_COMPILER_APPICON_NAME = AppIcon;
				ASSETCATALOG_COMPILER_GLOBAL_ACCENT_COLOR_NAME = AccentColor;
				CODE_SIGN_IDENTITY = "-";
				CODE_SIGNING_ALLOWED = NO;
				CODE_SIGNING_REQUIRED = NO;
				CURRENT_PROJECT_VERSION = 1;
				DEVELOPMENT_TEAM = "";
				ENABLE_PREVIEWS = YES;
				GENERATE_INFOPLIST_FILE = NO;
				INFOPLIST_FILE = "watchOS/SoundSenseWatchApp/Info.plist";
				INFOPLIST_KEY_NSMicrophoneUsageDescription = "闻声需要访问麦克风来测量环境噪音水平。";
				INFOPLIST_KEY_WKApplication = YES;
				INFOPLIST_KEY_WKWatchOnly = NO;
				LD_RUNPATH_SEARCH_PATHS = (
					"$(inherited)",
					"@executable_path/Frameworks",
				);
				MARKETING_VERSION = 1.0.0;
				PRODUCT_BUNDLE_IDENTIFIER = "com.dinghao.soundsense.watch";
				PRODUCT_NAME = SoundSenseWatch;
				SDKROOT = watchos;
				SUPPORTED_PLATFORMS = "watchos watchsimulator";
				SWIFT_EMIT_LOC_STRINGS = YES;
				SWIFT_VERSION = 5.0;
				TARGETED_DEVICE_FAMILY = 4;
				WATCHOS_DEPLOYMENT_TARGET = 8.0;
			};
			name = Release;
		};
		/* ---- macOS Target: Debug ---- */
		AA7000000000000000000001A /* macOS Debug */ = {
			isa = XCBuildConfiguration;
			buildSettings = {
				CODE_SIGN_IDENTITY = "-";
				CODE_SIGNING_ALLOWED = NO;
				CODE_SIGNING_REQUIRED = NO;
				COMBINE_HIDPI_IMAGES = YES;
				CURRENT_PROJECT_VERSION = 1;
				DEVELOPMENT_TEAM = "";
				ENABLE_HARDENED_RUNTIME = YES;
				ENABLE_PREVIEWS = YES;
				GENERATE_INFOPLIST_FILE = NO;
				INFOPLIST_FILE = "macOS/SoundSenseMacApp/Info.plist";
				INFOPLIST_KEY_NSMicrophoneUsageDescription = "闻声需要访问麦克风来测量环境噪音水平。";
				LD_RUNPATH_SEARCH_PATHS = (
					"$(inherited)",
					"$(executable_path)",
				);
				MACOSX_DEPLOYMENT_TARGET = 12.0;
				MARKETING_VERSION = 1.0.0;
				PRODUCT_BUNDLE_IDENTIFIER = "com.dinghao.soundsense.mac";
				PRODUCT_NAME = SoundSense;
				SDKROOT = macosx;
				SUPPORTED_PLATFORMS = macosx;
				SWIFT_EMIT_LOC_STRINGS = YES;
				SWIFT_VERSION = 5.0;
			};
			name = Debug;
		};
		/* ---- macOS Target: Release ---- */
		AA7000000000000000000001B /* macOS Release */ = {
			isa = XCBuildConfiguration;
			buildSettings = {
				CODE_SIGN_IDENTITY = "-";
				CODE_SIGNING_ALLOWED = NO;
				CODE_SIGNING_REQUIRED = NO;
				COMBINE_HIDPI_IMAGES = YES;
				CURRENT_PROJECT_VERSION = 1;
				DEVELOPMENT_TEAM = "";
				ENABLE_HARDENED_RUNTIME = YES;
				ENABLE_PREVIEWS = YES;
				GENERATE_INFOPLIST_FILE = NO;
				INFOPLIST_FILE = "macOS/SoundSenseMacApp/Info.plist";
				INFOPLIST_KEY_NSMicrophoneUsageDescription = "闻声需要访问麦克风来测量环境噪音水平。";
				LD_RUNPATH_SEARCH_PATHS = (
					"$(inherited)",
					"$(executable_path)",
				);
				MACOSX_DEPLOYMENT_TARGET = 12.0;
				MARKETING_VERSION = 1.0.0;
				PRODUCT_BUNDLE_IDENTIFIER = "com.dinghao.soundsense.mac";
				PRODUCT_NAME = SoundSense;
				SDKROOT = macosx;
				SUPPORTED_PLATFORMS = macosx;
				SWIFT_EMIT_LOC_STRINGS = YES;
				SWIFT_VERSION = 5.0;
			};
			name = Release;
		};
/* End XCBuildConfiguration section */

/* Begin XCConfigurationList section */
		A80000000000000000000001 /* Build configuration list for PBXNativeTarget "SoundSense" */ = {
			isa = XCConfigurationList;
			buildConfigurations = (
				A70000000000000000000012 /* iOS Debug */,
				A70000000000000000000013 /* iOS Release */,
			);
			defaultConfigurationIsVisible = 0;
			defaultConfigurationName = Release;
		};
		A80000000000000000000004 /* Build configuration list for PBXNativeTarget "SoundSenseWatch" */ = {
			isa = XCConfigurationList;
			buildConfigurations = (
				A70000000000000000000014 /* watchOS Debug */,
				A70000000000000000000015 /* watchOS Release */,
			);
			defaultConfigurationIsVisible = 0;
			defaultConfigurationName = Release;
		};
		A80000000000000000000007 /* Build configuration list for PBXProject "SoundSense" */ = {
			isa = XCConfigurationList;
			buildConfigurations = (
				A70000000000000000000010 /* Project Debug */,
				A70000000000000000000011 /* Project Release */,
			);
			defaultConfigurationIsVisible = 0;
			defaultConfigurationName = Release;
		};
		AA8000000000000000000000A /* Build configuration list for PBXNativeTarget "SoundSenseMac" */ = {
			isa = XCConfigurationList;
			buildConfigurations = (
				AA7000000000000000000001A /* macOS Debug */,
				AA7000000000000000000001B /* macOS Release */,
			);
			defaultConfigurationIsVisible = 0;
			defaultConfigurationName = Release;
		};
/* End XCConfigurationList section */

	};
	rootObject = A90000000000000000000001 /* Project object */;
}
